// !$*UTF8*$!
{
	archiveVersion = 1;
	classes = {
	};
	objectVersion = 56;
	objects = {

/* Begin PBXBuildFile section */
		D192CA2A2A136F2F009E3C5A /* AppDelegate.swift in Sources */ = {isa = PBXBuildFile; fileRef = D192CA292A136F2F009E3C5A /* AppDelegate.swift */; };
		D192CA2C2A136F2F009E3C5A /* SceneDelegate.swift in Sources */ = {isa = PBXBuildFile; fileRef = D192CA2B2A136F2F009E3C5A /* SceneDelegate.swift */; };
		D192CA2E2A136F2F009E3C5A /* FirstViewController.swift in Sources */ = {isa = PBXBuildFile; fileRef = D192CA2D2A136F2F009E3C5A /* FirstViewController.swift */; };
		D192CA312A136F2F009E3C5A /* Main.storyboard in Resources */ = {isa = PBXBuildFile; fileRef = D192CA2F2A136F2F009E3C5A /* Main.storyboard */; };
		D192CA332A136F33009E3C5A /* Assets.xcassets in Resources */ = {isa = PBXBuildFile; fileRef = D192CA322A136F33009E3C5A /* Assets.xcassets */; };
		D192CA362A136F33009E3C5A /* LaunchScreen.storyboard in Resources */ = {isa = PBXBuildFile; fileRef = D192CA342A136F33009E3C5A /* LaunchScreen.storyboard */; };
		D192CA3F2A136FA5009E3C5A /* SnapKit in Frameworks */ = {isa = PBXBuildFile; productRef = D192CA3E2A136FA5009E3C5A /* SnapKit */; };
		D192CA412A136FDA009E3C5A /* models.swift in Sources */ = {isa = PBXBuildFile; fileRef = D192CA402A136FDA009E3C5A /* models.swift */; };
		D192CA432A13705D009E3C5A /* APIManger.swift in Sources */ = {isa = PBXBuildFile; fileRef = D192CA422A13705D009E3C5A /* APIManger.swift */; };
		D192CA462A1370BF009E3C5A /* CustomTableViewCell.swift in Sources */ = {isa = PBXBuildFile; fileRef = D192CA452A1370BF009E3C5A /* CustomTableViewCell.swift */; };
/* End PBXBuildFile section */

/* Begin PBXFileReference section */
		D192CA262A136F2F009E3C5A /* task1.4.app */ = {isa = PBXFileReference; explicitFileType = wrapper.application; includeInIndex = 0; path = task1.4.app; sourceTree = BUILT_PRODUCTS_DIR; };
		D192CA292A136F2F009E3C5A /* AppDelegate.swift */ = {isa = PBXFileReference; lastKnownFileType = sourcecode.swift; path = AppDelegate.swift; sourceTree = "<group>"; };
		D192CA2B2A136F2F009E3C5A /* SceneDelegate.swift */ = {isa = PBXFileReference; lastKnownFileType = sourcecode.swift; path = SceneDelegate.swift; sourceTree = "<group>"; };
		D192CA2D2A136F2F009E3C5A /* FirstViewController.swift */ = {isa = PBXFileReference; lastKnownFileType = sourcecode.swift; path = FirstViewController.swift; sourceTree = "<group>"; };
		D192CA302A136F2F009E3C5A /* Base */ = {isa = PBXFileReference; lastKnownFileType = file.storyboard; name = Base; path = Base.lproj/Main.storyboard; sourceTree = "<group>"; };
		D192CA322A136F33009E3C5A /* Assets.xcassets */ = {isa = PBXFileReference; lastKnownFileType = folder.assetcatalog; path = Assets.xcassets; sourceTree = "<group>"; };
		D192CA352A136F33009E3C5A /* Base */ = {isa = PBXFileReference; lastKnownFileType = file.storyboard; name = Base; path = Base.lproj/LaunchScreen.storyboard; sourceTree = "<group>"; };
		D192CA372A136F33009E3C5A /* Info.plist */ = {isa = PBXFileReference; lastKnownFileType = text.plist.xml; path = Info.plist; sourceTree = "<group>"; };
		D192CA402A136FDA009E3C5A /* models.swift */ = {isa = PBXFileReference; lastKnownFileType = sourcecode.swift; path = models.swift; sourceTree = "<group>"; };
		D192CA422A13705D009E3C5A /* APIManger.swift */ = {isa = PBXFileReference; lastKnownFileType = sourcecode.swift; path = APIManger.swift; sourceTree = "<group>"; };
		D192CA452A1370BF009E3C5A /* CustomTableViewCell.swift */ = {isa = PBXFileReference; lastKnownFileType = sourcecode.swift; path = CustomTableViewCell.swift; sourceTree = "<group>"; };
/* End PBXFileReference section */

/* Begin PBXFrameworksBuildPhase section */
		D192CA232A136F2F009E3C5A /* Frameworks */ = {
			isa = PBXFrameworksBuildPhase;
			buildActionMask = 2147483647;
			files = (
				D192CA3F2A136FA5009E3C5A /* SnapKit in Frameworks */,
			);
			runOnlyForDeploymentPostprocessing = 0;
		};
/* End PBXFrameworksBuildPhase section */

/* Begin PBXGroup section */
		D192CA1D2A136F2F009E3C5A = {
			isa = PBXGroup;
			children = (
				D192CA282A136F2F009E3C5A /* task1.4 */,
				D192CA272A136F2F009E3C5A /* Products */,
			);
			sourceTree = "<group>";
		};
		D192CA272A136F2F009E3C5A /* Products */ = {
			isa = PBXGroup;
			children = (
				D192CA262A136F2F009E3C5A /* task1.4.app */,
			);
			name = Products;
			sourceTree = "<group>";
		};
		D192CA282A136F2F009E3C5A /* task1.4 */ = {
			isa = PBXGroup;
			children = (
				D192CA292A136F2F009E3C5A /* AppDelegate.swift */,
				D192CA2B2A136F2F009E3C5A /* SceneDelegate.swift */,
				D192CA2D2A136F2F009E3C5A /* FirstViewController.swift */,
				D192CA2F2A136F2F009E3C5A /* Main.storyboard */,
				D192CA322A136F33009E3C5A /* Assets.xcassets */,
				D192CA342A136F33009E3C5A /* LaunchScreen.storyboard */,
				D192CA372A136F33009E3C5A /* Info.plist */,
				D192CA402A136FDA009E3C5A /* models.swift */,
				D192CA422A13705D009E3C5A /* APIManger.swift */,
				D192CA452A1370BF009E3C5A /* CustomTableViewCell.swift */,
			);
			path = task1.4;
			sourceTree = "<group>";
		};
/* End PBXGroup section */

/* Begin PBXNativeTarget section */
		D192CA252A136F2F009E3C5A /* task1.4 */ = {
			isa = PBXNativeTarget;
			buildConfigurationList = D192CA3A2A136F33009E3C5A /* Build configuration list for PBXNativeTarget "task1.4" */;
			buildPhases = (
				D192CA222A136F2F009E3C5A /* Sources */,
				D192CA232A136F2F009E3C5A /* Frameworks */,
				D192CA242A136F2F009E3C5A /* Resources */,
			);
			buildRules = (
			);
			dependencies = (
			);
			name = task1.4;
			packageProductDependencies = (
				D192CA3E2A136FA5009E3C5A /* SnapKit */,
			);
			productName = task1.4;
			productReference = D192CA262A136F2F009E3C5A /* task1.4.app */;
			productType = "com.apple.product-type.application";
		};
/* End PBXNativeTarget section */

/* Begin PBXProject section */
		D192CA1E2A136F2F009E3C5A /* Project object */ = {
			isa = PBXProject;
			attributes = {
				BuildIndependentTargetsInParallel = 1;
				LastSwiftUpdateCheck = 1420;
				LastUpgradeCheck = 1420;
				TargetAttributes = {
					D192CA252A136F2F009E3C5A = {
						CreatedOnToolsVersion = 14.2;
					};
				};
			};
			buildConfigurationList = D192CA212A136F2F009E3C5A /* Build configuration list for PBXProject "task1.4" */;
			compatibilityVersion = "Xcode 14.0";
			developmentRegion = en;
			hasScannedForEncodings = 0;
			knownRegions = (
				en,
				Base,
			);
			mainGroup = D192CA1D2A136F2F009E3C5A;
			packageReferences = (
				D192CA3D2A136FA5009E3C5A /* XCRemoteSwiftPackageReference "SnapKit" */,
			);
			productRefGroup = D192CA272A136F2F009E3C5A /* Products */;
			projectDirPath = "";
			projectRoot = "";
			targets = (
				D192CA252A136F2F009E3C5A /* task1.4 */,
			);
		};
/* End PBXProject section */

/* Begin PBXResourcesBuildPhase section */
		D192CA242A136F2F009E3C5A /* Resources */ = {
			isa = PBXResourcesBuildPhase;
			buildActionMask = 2147483647;
			files = (
				D192CA362A136F33009E3C5A /* LaunchScreen.storyboard in Resources */,
				D192CA332A136F33009E3C5A /* Assets.xcassets in Resources */,
				D192CA312A136F2F009E3C5A /* Main.storyboard in Resources */,
			);
			runOnlyForDeploymentPostprocessing = 0;
		};
/* End PBXResourcesBuildPhase section */

/* Begin PBXSourcesBuildPhase section */
		D192CA222A136F2F009E3C5A /* Sources */ = {
			isa = PBXSourcesBuildPhase;
			buildActionMask = 2147483647;
			files = (
				D192CA2E2A136F2F009E3C5A /* FirstViewController.swift in Sources */,
				D192CA2A2A136F2F009E3C5A /* AppDelegate.swift in Sources */,
				D192CA432A13705D009E3C5A /* APIManger.swift in Sources */,
				D192CA462A1370BF009E3C5A /* CustomTableViewCell.swift in Sources */,
				D192CA2C2A136F2F009E3C5A /* SceneDelegate.swift in Sources */,
				D192CA412A136FDA009E3C5A /* models.swift in Sources */,
			);
			runOnlyForDeploymentPostprocessing = 0;
		};
/* End PBXSourcesBuildPhase section */

/* Begin PBXVariantGroup section */
		D192CA2F2A136F2F009E3C5A /* Main.storyboard */ = {
			isa = PBXVariantGroup;
			children = (
				D192CA302A136F2F009E3C5A /* Base */,
			);
			name = Main.storyboard;
			sourceTree = "<group>";
		};
		D192CA342A136F33009E3C5A /* LaunchScreen.storyboard */ = {
			isa = PBXVariantGroup;
			children = (
				D192CA352A136F33009E3C5A /* Base */,
			);
			name = LaunchScreen.storyboard;
			sourceTree = "<group>";
		};
/* End PBXVariantGroup section */

/* Begin XCBuildConfiguration section */
		D192CA382A136F33009E3C5A /* Debug */ = {
			isa = XCBuildConfiguration;
			buildSettings = {
				ALWAYS_SEARCH_USER_PATHS = NO;
				CLANG_ANALYZER_NONNULL = YES;
				CLANG_ANALYZER_NUMBER_OBJECT_CONVERSION = YES_AGGRESSIVE;
				CLANG_CXX_LANGUAGE_STANDARD = "gnu++20";
				CLANG_ENABLE_MODULES = YES;
				CLANG_ENABLE_OBJC_ARC = YES;
				CLANG_ENABLE_OBJC_WEAK = YES;
				CLANG_WARN_BLOCK_CAPTURE_AUTORELEASING = YES;
				CLANG_WARN_BOOL_CONVERSION = YES;
				CLANG_WARN_COMMA = YES;
				CLANG_WARN_CONSTANT_CONVERSION = YES;
				CLANG_WARN_DEPRECATED_OBJC_IMPLEMENTATIONS = YES;
				CLANG_WARN_DIRECT_OBJC_ISA_USAGE = YES_ERROR;
				CLANG_WARN_DOCUMENTATION_COMMENTS = YES;
				CLANG_WARN_EMPTY_BODY = YES;
				CLANG_WARN_ENUM_CONVERSION = YES;
				CLANG_WARN_INFINITE_RECURSION = YES;
				CLANG_WARN_INT_CONVERSION = YES;
				CLANG_WARN_NON_LITERAL_NULL_CONVERSION = YES;
				CLANG_WARN_OBJC_IMPLICIT_RETAIN_SELF = YES;
				CLANG_WARN_OBJC_LITERAL_CONVERSION = YES;
				CLANG_WARN_OBJC_ROOT_CLASS = YES_ERROR;
				CLANG_WARN_QUOTED_INCLUDE_IN_FRAMEWORK_HEADER = YES;
				CLANG_WARN_RANGE_LOOP_ANALYSIS = YES;
				CLANG_WARN_STRICT_PROTOTYPES = YES;
				CLANG_WARN_SUSPICIOUS_MOVE = YES;
				CLANG_WARN_UNGUARDED_AVAILABILITY = YES_AGGRESSIVE;
				CLANG_WARN_UNREACHABLE_CODE = YES;
				CLANG_WARN__DUPLICATE_METHOD_MATCH = YES;
				COPY_PHASE_STRIP = NO;
				DEBUG_INFORMATION_FORMAT = dwarf;
				ENABLE_STRICT_OBJC_MSGSEND = YES;
				ENABLE_TESTABILITY = YES;
				GCC_C_LANGUAGE_STANDARD = gnu11;
				GCC_DYNAMIC_NO_PIC = NO;
				GCC_NO_COMMON_BLOCKS = YES;
				GCC_OPTIMIZATION_LEVEL = 0;
				GCC_PREPROCESSOR_DEFINITIONS = (
					"DEBUG=1",
					"$(inherited)",
				);
				GCC_WARN_64_TO_32_BIT_CONVERSION = YES;
				GCC_WARN_ABOUT_RETURN_TYPE = YES_ERROR;
				GCC_WARN_UNDECLARED_SELECTOR = YES;
				GCC_WARN_UNINITIALIZED_AUTOS = YES_AGGRESSIVE;
				GCC_WARN_UNUSED_FUNCTION = YES;
				GCC_WARN_UNUSED_VARIABLE = YES;
				IPHONEOS_DEPLOYMENT_TARGET = 16.2;
				MTL_ENABLE_DEBUG_INFO = INCLUDE_SOURCE;
				MTL_FAST_MATH = YES;
				ONLY_ACTIVE_ARCH = YES;
				SDKROOT = iphoneos;
				SWIFT_ACTIVE_COMPILATION_CONDITIONS = DEBUG;
				SWIFT_OPTIMIZATION_LEVEL = "-Onone";
			};
			name = Debug;
		};
		D192CA392A136F33009E3C5A /* Release */ = {
			isa = XCBuildConfiguration;
			buildSettings = {
				ALWAYS_SEARCH_USER_PATHS = NO;
				CLANG_ANALYZER_NONNULL = YES;
				CLANG_ANALYZER_NUMBER_OBJECT_CONVERSION = YES_AGGRESSIVE;
				CLANG_CXX_LANGUAGE_STANDARD = "gnu++20";
				CLANG_ENABLE_MODULES = YES;
				CLANG_ENABLE_OBJC_ARC = YES;
				CLANG_ENABLE_OBJC_WEAK = YES;
				CLANG_WARN_BLOCK_CAPTURE_AUTORELEASING = YES;
				CLANG_WARN_BOOL_CONVERSION = YES;
				CLANG_WARN_COMMA = YES;
				CLANG_WARN_CONSTANT_CONVERSION = YES;
				CLANG_WARN_DEPRECATED_OBJC_IMPLEMENTATIONS = YES;
				CLANG_WARN_DIRECT_OBJC_ISA_USAGE = YES_ERROR;
				CLANG_WARN_DOCUMENTATION_COMMENTS = YES;
				CLANG_WARN_EMPTY_BODY = YES;
				CLANG_WARN_ENUM_CONVERSION = YES;
				CLANG_WARN_INFINITE_RECURSION = YES;
				CLANG_WARN_INT_CONVERSION = YES;
				CLANG_WARN_NON_LITERAL_NULL_CONVERSION = YES;
				CLANG_WARN_OBJC_IMPLICIT_RETAIN_SELF = YES;
				CLANG_WARN_OBJC_LITERAL_CONVERSION = YES;
				CLANG_WARN_OBJC_ROOT_CLASS = YES_ERROR;
				CLANG_WARN_QUOTED_INCLUDE_IN_FRAMEWORK_HEADER = YES;
				CLANG_WARN_RANGE_LOOP_ANALYSIS = YES;
				CLANG_WARN_STRICT_PROTOTYPES = YES;
				CLANG_WARN_SUSPICIOUS_MOVE = YES;
				CLANG_WARN_UNGUARDED_AVAILABILITY = YES_AGGRESSIVE;
				CLANG_WARN_UNREACHABLE_CODE = YES;
				CLANG_WARN__DUPLICATE_METHOD_MATCH = YES;
				COPY_PHASE_STRIP = NO;
				DEBUG_INFORMATION_FORMAT = "dwarf-with-dsym";
				ENABLE_NS_ASSERTIONS = NO;
				ENABLE_STRICT_OBJC_MSGSEND = YES;
				GCC_C_LANGUAGE_STANDARD = gnu11;
				GCC_NO_COMMON_BLOCKS = YES;
				GCC_WARN_64_TO_32_BIT_CONVERSION = YES;
				GCC_WARN_ABOUT_RETURN_TYPE = YES_ERROR;
				GCC_WARN_UNDECLARED_SELECTOR = YES;
				GCC_WARN_UNINITIALIZED_AUTOS = YES_AGGRESSIVE;
				GCC_WARN_UNUSED_FUNCTION = YES;
				GCC_WARN_UNUSED_VARIABLE = YES;
				IPHONEOS_DEPLOYMENT_TARGET = 16.2;
				MTL_ENABLE_DEBUG_INFO = NO;
				MTL_FAST_MATH = YES;
				SDKROOT = iphoneos;
				SWIFT_COMPILATION_MODE = wholemodule;
				SWIFT_OPTIMIZATION_LEVEL = "-O";
				VALIDATE_PRODUCT = YES;
			};
			name = Release;
		};
		D192CA3B2A136F33009E3C5A /* Debug */ = {
			isa = XCBuildConfiguration;
			buildSettings = {
				ASSETCATALOG_COMPILER_APPICON_NAME = AppIcon;
				ASSETCATALOG_COMPILER_GLOBAL_ACCENT_COLOR_NAME = AccentColor;
				CODE_SIGN_STYLE = Automatic;
				CURRENT_PROJECT_VERSION = 1;
				GENERATE_INFOPLIST_FILE = YES;
				INFOPLIST_FILE = task1.4/Info.plist;
				INFOPLIST_KEY_UIApplicationSupportsIndirectInputEvents = YES;
				INFOPLIST_KEY_UILaunchStoryboardName = LaunchScreen;
				INFOPLIST_KEY_UIMainStoryboardFile = Main;
				INFOPLIST_KEY_UISupportedInterfaceOrientations_iPad = "UIInterfaceOrientationPortrait UIInterfaceOrientationPortraitUpsideDown UIInterfaceOrientationLandscapeLeft UIInterfaceOrientationLandscapeRight";
				INFOPLIST_KEY_UISupportedInterfaceOrientations_iPhone = "UIInterfaceOrientationPortrait UIInterfaceOrientationLandscapeLeft UIInterfaceOrientationLandscapeRight";
				LD_RUNPATH_SEARCH_PATHS = (
					"$(inherited)",
					"@executable_path/Frameworks",
				);
				MARKETING_VERSION = 1.0;
				PRODUCT_BUNDLE_IDENTIFIER = "com.mycookie.task1-4";
				PRODUCT_NAME = "$(TARGET_NAME)";
				SWIFT_EMIT_LOC_STRINGS = YES;
				SWIFT_VERSION = 5.0;
				TARGETED_DEVICE_FAMILY = "1,2";
			};
			name = Debug;
		};
		D192CA3C2A136F33009E3C5A /* Release */ = {
			isa = XCBuildConfiguration;
			buildSettings = {
				ASSETCATALOG_COMPILER_APPICON_NAME = AppIcon;
				ASSETCATALOG_COMPILER_GLOBAL_ACCENT_COLOR_NAME = AccentColor;
				CODE_SIGN_STYLE = Automatic;
				CURRENT_PROJECT_VERSION = 1;
				GENERATE_INFOPLIST_FILE = YES;
				INFOPLIST_FILE = task1.4/Info.plist;
				INFOPLIST_KEY_UIApplicationSupportsIndirectInputEvents = YES;
				INFOPLIST_KEY_UILaunchStoryboardName = LaunchScreen;
				INFOPLIST_KEY_UIMainStoryboardFile = Main;
				INFOPLIST_KEY_UISupportedInterfaceOrientations_iPad = "UIInterfaceOrientationPortrait UIInterfaceOrientationPortraitUpsideDown UIInterfaceOrientationLandscapeLeft UIInterfaceOrientationLandscapeRight";
				INFOPLIST_KEY_UISupportedInterfaceOrientations_iPhone = "UIInterfaceOrientationPortrait UIInterfaceOrientationLandscapeLeft UIInterfaceOrientationLandscapeRight";
				LD_RUNPATH_SEARCH_PATHS = (
					"$(inherited)",
					"@executable_path/Frameworks",
				);
				MARKETING_VERSION = 1.0;
				PRODUCT_BUNDLE_IDENTIFIER = "com.mycookie.task1-4";
				PRODUCT_NAME = "$(TARGET_NAME)";
				SWIFT_EMIT_LOC_STRINGS = YES;
				SWIFT_VERSION = 5.0;
				TARGETED_DEVICE_FAMILY = "1,2";
			};
			name = Release;
		};
/* End XCBuildConfiguration section */

/* Begin XCConfigurationList section */
		D192CA212A136F2F009E3C5A /* Build configuration list for PBXProject "task1.4" */ = {
			isa = XCConfigurationList;
			buildConfigurations = (
				D192CA382A136F33009E3C5A /* Debug */,
				D192CA392A136F33009E3C5A /* Release */,
			);
			defaultConfigurationIsVisible = 0;
			defaultConfigurationName = Release;
		};
		D192CA3A2A136F33009E3C5A /* Build configuration list for PBXNativeTarget "task1.4" */ = {
			isa = XCConfigurationList;
			buildConfigurations = (
				D192CA3B2A136F33009E3C5A /* Debug */,
				D192CA3C2A136F33009E3C5A /* Release */,
			);
			defaultConfigurationIsVisible = 0;
			defaultConfigurationName = Release;
		};
/* End XCConfigurationList section */

/* Begin XCRemoteSwiftPackageReference section */
		D192CA3D2A136FA5009E3C5A /* XCRemoteSwiftPackageReference "SnapKit" */ = {
			isa = XCRemoteSwiftPackageReference;
			repositoryURL = "https://github.com/SnapKit/SnapKit.git";
			requirement = {
				branch = develop;
				kind = branch;
			};
		};
/* End XCRemoteSwiftPackageReference section */

/* Begin XCSwiftPackageProductDependency section */
		D192CA3E2A136FA5009E3C5A /* SnapKit */ = {
			isa = XCSwiftPackageProductDependency;
			package = D192CA3D2A136FA5009E3C5A /* XCRemoteSwiftPackageReference "SnapKit" */;
			productName = SnapKit;
		};
/* End XCSwiftPackageProductDependency section */
	};
	rootObject = D192CA1E2A136F2F009E3C5A /* Project object */;
}
